
Microsoft Visual Studio Solution File, Format Version 12.00
# Visual Studio 2013
VisualStudioVersion = 12.0.20617.1 PREVIEW
MinimumVisualStudioVersion = 10.0.40219.1
Project("{8BC9CEB8-8B4A-11D0-8D11-00A0C91BC942}") = "mock4cpp_tests", "mock4cpp_tests.vcxproj", "{DEFDF6D2-8990-4B9D-98A4-871A561A59AE}"
EndProject
Global
	GlobalSection(SolutionConfigurationPlatforms) = preSolution
		Debug|Win32 = Debug|Win32
		Release|Win32 = Release|Win32
	EndGlobalSection
	GlobalSection(ProjectConfigurationPlatforms) = postSolution
		{DEFDF6D2-8990-4B9D-98A4-871A561A59AE}.Debug|Win32.ActiveCfg = Debug|Win32
		{DEFDF6D2-8990-4B9D-98A4-871A561A59AE}.Debug|Win32.Build.0 = Debug|Win32
		{DEFDF6D2-8990-4B9D-98A4-871A561A59AE}.Release|Win32.ActiveCfg = Release|Win32
		{DEFDF6D2-8990-4B9D-98A4-871A561A59AE}.Release|Win32.Build.0 = Release|Win32
	EndGlobalSection
	GlobalSection(SolutionProperties) = preSolution
		HideSolutionNode = FALSE
	EndGlobalSection
EndGlobal
